
Microsoft Visual Studio Solution File, Format Version 12.00
# Visual Studio 15
VisualStudioVersion = 15.0.27130.2027
MinimumVisualStudioVersion = 10.0.40219.1
Project("{F184B08F-C81C-45F6-A57F-5ABD9991F28F}") = "ChatExperimentTool", "ChatExperimentTool\ChatExperimentTool.vbproj", "{1251646C-78B1-4E32-AA87-0D9F76357AFF}"
EndProject
Global
	GlobalSection(SolutionConfigurationPlatforms) = preSolution
		Debug|Any CPU = Debug|Any CPU
		Release|Any CPU = Release|Any CPU
	EndGlobalSection
	GlobalSection(ProjectConfigurationPlatforms) = postSolution
		{1251646C-78B1-4E32-AA87-0D9F76357AFF}.Debug|Any CPU.ActiveCfg = Debug|Any CPU
		{1251646C-78B1-4E32-AA87-0D9F76357AFF}.Debug|Any CPU.Build.0 = Debug|Any CPU
		{1251646C-78B1-4E32-AA87-0D9F76357AFF}.Release|Any CPU.ActiveCfg = Release|Any CPU
		{1251646C-78B1-4E32-AA87-0D9F76357AFF}.Release|Any CPU.Build.0 = Release|Any CPU
	EndGlobalSection
	GlobalSection(SolutionProperties) = preSolution
		HideSolutionNode = FALSE
	EndGlobalSection
	GlobalSection(ExtensibilityGlobals) = postSolution
		SolutionGuid = {1C4E4041-B389-43FE-9A34-0D2632290D37}
	EndGlobalSection
EndGlobal
